
Microsoft Visual Studio Solution File, Format Version 12.00
# Visual Studio Version 17
VisualStudioVersion = 17.11.35327.3
MinimumVisualStudioVersion = 10.0.40219.1
Project("{FAE04EC0-301F-11D3-BF4B-00C04F79EFBC}") = "Pariwisata", "Pariwisata\Pariwisata.csproj", "{5807B97B-FD28-4ADC-9DED-BA8F03B9D7E8}"
EndProject
Global
	GlobalSection(SolutionConfigurationPlatforms) = preSolution
		Debug|Any CPU = Debug|Any CPU
		Release|Any CPU = Release|Any CPU
	EndGlobalSection
	GlobalSection(ProjectConfigurationPlatforms) = postSolution
		{5807B97B-FD28-4ADC-9DED-BA8F03B9D7E8}.Debug|Any CPU.ActiveCfg = Debug|Any CPU
		{5807B97B-FD28-4ADC-9DED-BA8F03B9D7E8}.Debug|Any CPU.Build.0 = Debug|Any CPU
		{5807B97B-FD28-4ADC-9DED-BA8F03B9D7E8}.Release|Any CPU.ActiveCfg = Release|Any CPU
		{5807B97B-FD28-4ADC-9DED-BA8F03B9D7E8}.Release|Any CPU.Build.0 = Release|Any CPU
	EndGlobalSection
	GlobalSection(SolutionProperties) = preSolution
		HideSolutionNode = FALSE
	EndGlobalSection
	GlobalSection(ExtensibilityGlobals) = postSolution
		SolutionGuid = {C3A3775C-E580-406D-8DF2-36C91CD631F4}
	EndGlobalSection
EndGlobal
